Microsoft Visual Studio Solution File, Format Version 12.00
# Visual Studio Version 17
VisualStudioVersion = 17.3.32922.545
MinimumVisualStudioVersion = 10.0.40219.1
Project("{9A19103F-16F7-4668-BE54-9A1E7A4F7556}") = "AuthenticationService.Api", "AuthenticationService.Api\AuthenticationService.Api.csproj", "{F210EE05-07D7-4E0B-BE38-BAC7F4FE25C3}"
EndProject
Project("{9A19103F-16F7-4668-BE54-9A1E7A4F7556}") = "AuthenticationService.Contracts", "AuthenticationService.Contracts\AuthenticationService.Contracts.csproj", "{A4E68614-8FAB-4EC9-907D-855596A71A1C}"
EndProject
Project("{9A19103F-16F7-4668-BE54-9A1E7A4F7556}") = "AuthenticationService.Application", "AuthenticationService.Application\AuthenticationService.Application.csproj", "{AAF16DDB-F266-46C4-9959-B0320AED4ED5}"
EndProject
Project("{9A19103F-16F7-4668-BE54-9A1E7A4F7556}") = "AuthenticationService.Migrations", "AuthenticationService.Migrations\AuthenticationService.Migrations.csproj", "{8BAB9E7A-98DE-4F8A-8402-286920D70218}"
EndProject
Project("{9A19103F-16F7-4668-BE54-9A1E7A4F7556}") = "AuthenticationService.Infrastructure", "AuthenticationService.Infrastructure\AuthenticationService.Infrastructure.csproj", "{867F707E-BD5F-4436-8D71-9F66167EFD7E}"
EndProject
Project("{9A19103F-16F7-4668-BE54-9A1E7A4F7556}") = "AuthenticationService.Tests", "AuthenticationService.Tests\AuthenticationService.Tests.csproj", "{2150AE27-B192-407B-8D84-23894E6C4D43}"
EndProject
Global
	GlobalSection(SolutionConfigurationPlatforms) = preSolution
		Development|Any CPU = Development|Any CPU
		Production|Any CPU = Production|Any CPU
	EndGlobalSection
	GlobalSection(ProjectConfigurationPlatforms) = postSolution
		{F210EE05-07D7-4E0B-BE38-BAC7F4FE25C3}.Development|Any CPU.ActiveCfg = Development|Any CPU
		{F210EE05-07D7-4E0B-BE38-BAC7F4FE25C3}.Development|Any CPU.Build.0 = Development|Any CPU
		{F210EE05-07D7-4E0B-BE38-BAC7F4FE25C3}.Production|Any CPU.ActiveCfg = Production|Any CPU
		{F210EE05-07D7-4E0B-BE38-BAC7F4FE25C3}.Production|Any CPU.Build.0 = Production|Any CPU
		{A4E68614-8FAB-4EC9-907D-855596A71A1C}.Development|Any CPU.ActiveCfg = Development|Any CPU
		{A4E68614-8FAB-4EC9-907D-855596A71A1C}.Development|Any CPU.Build.0 = Development|Any CPU
		{A4E68614-8FAB-4EC9-907D-855596A71A1C}.Production|Any CPU.ActiveCfg = Development|Any CPU
		{A4E68614-8FAB-4EC9-907D-855596A71A1C}.Production|Any CPU.Build.0 = Development|Any CPU
		{AAF16DDB-F266-46C4-9959-B0320AED4ED5}.Development|Any CPU.ActiveCfg = Development|Any CPU
		{AAF16DDB-F266-46C4-9959-B0320AED4ED5}.Development|Any CPU.Build.0 = Development|Any CPU
		{AAF16DDB-F266-46C4-9959-B0320AED4ED5}.Production|Any CPU.ActiveCfg = Development|Any CPU
		{AAF16DDB-F266-46C4-9959-B0320AED4ED5}.Production|Any CPU.Build.0 = Development|Any CPU
		{8BAB9E7A-98DE-4F8A-8402-286920D70218}.Development|Any CPU.ActiveCfg = Development|Any CPU
		{8BAB9E7A-98DE-4F8A-8402-286920D70218}.Development|Any CPU.Build.0 = Development|Any CPU
		{8BAB9E7A-98DE-4F8A-8402-286920D70218}.Production|Any CPU.ActiveCfg = Development|Any CPU
		{8BAB9E7A-98DE-4F8A-8402-286920D70218}.Production|Any CPU.Build.0 = Development|Any CPU
		{867F707E-BD5F-4436-8D71-9F66167EFD7E}.Development|Any CPU.ActiveCfg = Development|Any CPU
		{867F707E-BD5F-4436-8D71-9F66167EFD7E}.Development|Any CPU.Build.0 = Development|Any CPU
		{867F707E-BD5F-4436-8D71-9F66167EFD7E}.Production|Any CPU.ActiveCfg = Development|Any CPU
		{867F707E-BD5F-4436-8D71-9F66167EFD7E}.Production|Any CPU.Build.0 = Development|Any CPU
		{2150AE27-B192-407B-8D84-23894E6C4D43}.Development|Any CPU.ActiveCfg = Development|Any CPU
		{2150AE27-B192-407B-8D84-23894E6C4D43}.Development|Any CPU.Build.0 = Development|Any CPU
		{2150AE27-B192-407B-8D84-23894E6C4D43}.Production|Any CPU.ActiveCfg = Development|Any CPU
		{2150AE27-B192-407B-8D84-23894E6C4D43}.Production|Any CPU.Build.0 = Development|Any CPU
	EndGlobalSection
	GlobalSection(SolutionProperties) = preSolution
		HideSolutionNode = FALSE
	EndGlobalSection
	GlobalSection(ExtensibilityGlobals) = postSolution
		SolutionGuid = {B2F31193-C26A-4F86-8E2D-0C679482D9EE}
	EndGlobalSection
EndGlobal
